
Microsoft Visual Studio Solution File, Format Version 12.00
# Visual Studio 14
VisualStudioVersion = 14.0.25420.1
MinimumVisualStudioVersion = 10.0.40219.1
Project("{FAE04EC0-301F-11D3-BF4B-00C04F79EFBC}") = "WinA", "WinA\WinA.csproj", "{FA35E1F8-7BF4-43E7-B7F1-5A8D4504BA4E}"
EndProject
Project("{FAE04EC0-301F-11D3-BF4B-00C04F79EFBC}") = "Mail", "Mail\Mail.csproj", "{0EDF73D0-5CE5-4090-8CDD-C44CB4B8EC8D}"
EndProject
Project("{FAE04EC0-301F-11D3-BF4B-00C04F79EFBC}") = "NewWinAudit", "NewWinAudit\NewWinAudit.csproj", "{C06F44ED-9AE9-4DE8-9259-2EA74E5B2BE6}"
EndProject
Project("{FAE04EC0-301F-11D3-BF4B-00C04F79EFBC}") = "WinSCPTreeDL", "\\ssbpodc20\users$\brodriguez\Documents\VSProjects\WinSCPTreeDL\WinSCPTreeDL.csproj", "{40D85AB8-32EF-4650-BF58-D23B9253B034}"
EndProject
Project("{FAE04EC0-301F-11D3-BF4B-00C04F79EFBC}") = "OrkinPR", "OrkinPR\OrkinPR.csproj", "{4E731EB6-25B9-489B-8427-D8EEA31A62B4}"
EndProject
Project("{FAE04EC0-301F-11D3-BF4B-00C04F79EFBC}") = "SysAuditDashboard", "SysAuditDashboard\SysAuditDashboard.csproj", "{7207F194-DA4B-40D8-9E40-69891992AC1F}"
EndProject
Global
	GlobalSection(SolutionConfigurationPlatforms) = preSolution
		Debug|Any CPU = Debug|Any CPU
		Release|Any CPU = Release|Any CPU
	EndGlobalSection
	GlobalSection(ProjectConfigurationPlatforms) = postSolution
		{FA35E1F8-7BF4-43E7-B7F1-5A8D4504BA4E}.Debug|Any CPU.ActiveCfg = Debug|Any CPU
		{FA35E1F8-7BF4-43E7-B7F1-5A8D4504BA4E}.Debug|Any CPU.Build.0 = Debug|Any CPU
		{FA35E1F8-7BF4-43E7-B7F1-5A8D4504BA4E}.Release|Any CPU.ActiveCfg = Release|Any CPU
		{FA35E1F8-7BF4-43E7-B7F1-5A8D4504BA4E}.Release|Any CPU.Build.0 = Release|Any CPU
		{0EDF73D0-5CE5-4090-8CDD-C44CB4B8EC8D}.Debug|Any CPU.ActiveCfg = Debug|Any CPU
		{0EDF73D0-5CE5-4090-8CDD-C44CB4B8EC8D}.Debug|Any CPU.Build.0 = Debug|Any CPU
		{0EDF73D0-5CE5-4090-8CDD-C44CB4B8EC8D}.Release|Any CPU.ActiveCfg = Release|Any CPU
		{0EDF73D0-5CE5-4090-8CDD-C44CB4B8EC8D}.Release|Any CPU.Build.0 = Release|Any CPU
		{C06F44ED-9AE9-4DE8-9259-2EA74E5B2BE6}.Debug|Any CPU.ActiveCfg = Debug|Any CPU
		{C06F44ED-9AE9-4DE8-9259-2EA74E5B2BE6}.Debug|Any CPU.Build.0 = Debug|Any CPU
		{C06F44ED-9AE9-4DE8-9259-2EA74E5B2BE6}.Release|Any CPU.ActiveCfg = Release|Any CPU
		{C06F44ED-9AE9-4DE8-9259-2EA74E5B2BE6}.Release|Any CPU.Build.0 = Release|Any CPU
		{40D85AB8-32EF-4650-BF58-D23B9253B034}.Debug|Any CPU.ActiveCfg = Debug|Any CPU
		{40D85AB8-32EF-4650-BF58-D23B9253B034}.Debug|Any CPU.Build.0 = Debug|Any CPU
		{40D85AB8-32EF-4650-BF58-D23B9253B034}.Release|Any CPU.ActiveCfg = Release|Any CPU
		{40D85AB8-32EF-4650-BF58-D23B9253B034}.Release|Any CPU.Build.0 = Release|Any CPU
		{4E731EB6-25B9-489B-8427-D8EEA31A62B4}.Debug|Any CPU.ActiveCfg = Debug|Any CPU
		{4E731EB6-25B9-489B-8427-D8EEA31A62B4}.Debug|Any CPU.Build.0 = Debug|Any CPU
		{4E731EB6-25B9-489B-8427-D8EEA31A62B4}.Release|Any CPU.ActiveCfg = Release|Any CPU
		{4E731EB6-25B9-489B-8427-D8EEA31A62B4}.Release|Any CPU.Build.0 = Release|Any CPU
		{7207F194-DA4B-40D8-9E40-69891992AC1F}.Debug|Any CPU.ActiveCfg = Debug|Any CPU
		{7207F194-DA4B-40D8-9E40-69891992AC1F}.Debug|Any CPU.Build.0 = Debug|Any CPU
		{7207F194-DA4B-40D8-9E40-69891992AC1F}.Release|Any CPU.ActiveCfg = Release|Any CPU
		{7207F194-DA4B-40D8-9E40-69891992AC1F}.Release|Any CPU.Build.0 = Release|Any CPU
	EndGlobalSection
	GlobalSection(SolutionProperties) = preSolution
		HideSolutionNode = FALSE
	EndGlobalSection
EndGlobal
